[root]
name = "pacman-with-physics"
version = "0.0.1"
dependencies = [
 "nphysics2df32 0.1.0 (git+https://github.com/sebcrozet/nphysics#73a46c59ca0608367233a1e03cb20591766a4d09)",
 "nphysics_testbed2d 0.1.0 (git+https://github.com/sebcrozet/nphysics#73a46c59ca0608367233a1e03cb20591766a4d09)",
]

[[package]]
name = "nalgebra"
version = "0.1.0"
source = "git+https://github.com/sebcrozet/nalgebra#8288ebdfabdab002df9b47429fa176850b945f51"

[[package]]
name = "ncollide"
version = "0.1.0"
source = "git+https://github.com/sebcrozet/ncollide#faa6a51c1e15b97c773b1ebae926f007cc3737bf"
dependencies = [
 "nalgebra 0.1.0 (git+https://github.com/sebcrozet/nalgebra#8288ebdfabdab002df9b47429fa176850b945f51)",
]

[[package]]
name = "nphysics2df32"
version = "0.1.0"
source = "git+https://github.com/sebcrozet/nphysics#73a46c59ca0608367233a1e03cb20591766a4d09"
dependencies = [
 "nalgebra 0.1.0 (git+https://github.com/sebcrozet/nalgebra#8288ebdfabdab002df9b47429fa176850b945f51)",
 "ncollide 0.1.0 (git+https://github.com/sebcrozet/ncollide#faa6a51c1e15b97c773b1ebae926f007cc3737bf)",
]

[[package]]
name = "nphysics_testbed2d"
version = "0.1.0"
source = "git+https://github.com/sebcrozet/nphysics#73a46c59ca0608367233a1e03cb20591766a4d09"
dependencies = [
 "nphysics2df32 0.1.0 (git+https://github.com/sebcrozet/nphysics#73a46c59ca0608367233a1e03cb20591766a4d09)",
 "rust-sfml 0.9.0 (git+https://github.com/jeremyletang/rust-sfml#192810c53b5c5f90230b0bbd08f0d1bacd156823)",
]

[[package]]
name = "rust-sfml"
version = "0.9.0"
source = "git+https://github.com/jeremyletang/rust-sfml#192810c53b5c5f90230b0bbd08f0d1bacd156823"

